
Microsoft Visual Studio Solution File, Format Version 12.00
# Visual Studio Version 17
VisualStudioVersion = 17.8.34525.116
MinimumVisualStudioVersion = 10.0.40219.1
Project("{FAE04EC0-301F-11D3-BF4B-00C04F79EFBC}") = "sports_stats_webApp", "sports_stats_webApp.csproj", "{78082F8C-2A48-47F0-BA29-3AC6BE3A6BA0}"
EndProject
Global
	GlobalSection(SolutionConfigurationPlatforms) = preSolution
		Debug|Any CPU = Debug|Any CPU
		Release|Any CPU = Release|Any CPU
	EndGlobalSection
	GlobalSection(ProjectConfigurationPlatforms) = postSolution
		{78082F8C-2A48-47F0-BA29-3AC6BE3A6BA0}.Debug|Any CPU.ActiveCfg = Debug|Any CPU
		{78082F8C-2A48-47F0-BA29-3AC6BE3A6BA0}.Debug|Any CPU.Build.0 = Debug|Any CPU
		{78082F8C-2A48-47F0-BA29-3AC6BE3A6BA0}.Release|Any CPU.ActiveCfg = Release|Any CPU
		{78082F8C-2A48-47F0-BA29-3AC6BE3A6BA0}.Release|Any CPU.Build.0 = Release|Any CPU
	EndGlobalSection
	GlobalSection(SolutionProperties) = preSolution
		HideSolutionNode = FALSE
	EndGlobalSection
	GlobalSection(ExtensibilityGlobals) = postSolution
		SolutionGuid = {67AD2DE7-8C1B-4346-84E2-4FA337F61535}
	EndGlobalSection
EndGlobal
